github.com/BurntSushi/toml v0.3.1 h1:WXkYYl6Yr3qBf1K79EBnL4mak0OimBfB0XUf9Vl28OQ=
github.com/BurntSushi/toml v0.3.1/go.mod h1:xHWCNGjB5oqiDr8zfno3MHue2Ht5sIBksp03qcyfWMU=
github.com/davecgh/go-spew v1.1.0 h1:ZDRjVQ15GmhC3fiQ8ni8+OwkZQO4DARzQgrnXU1Liz8=
github.com/davecgh/go-spew v1.1.0/go.mod h1:J7Y8YcW2NihsgmVo/mv3lAwl/skON4iLHjSsI+c5H38=
github.com/davecgh/go-spew v1.1.1 h1:vj9j/u1bqnvCEfJOwUhtlOARqs3+rkHYY13jYWTU97c=
github.com/davecgh/go-spew v1.1.1/go.mod h1:J7Y8YcW2NihsgmVo/mv3lAwl/skON4iLHjSsI+c5H38=
github.com/google/gofuzz v1.0.0/go.mod h1:dBl0BpW6vV/+mYPU4Po3pmUjxk6FQPldtuIdl/M65Eg=
github.com/jpillora/backoff v1.0.0 h1:uvFg412JmmHBHw7iwprIxkPMI+sGQ4kzOWsMeHnm2EA=
github.com/jpillora/backoff v1.0.0/go.mod h1:J/6gKK9jxlEcS3zixgDgUAsiuZ7yrSoa/FX5e0EB2j4=
github.com/json-iterator/go v1.1.10 h1:Kz6Cvnvv2wGdaG/V8yMvfkmNiXq9Ya2KUv4rouJJr68=
github.com/json-iterator/go v1.1.10/go.mod h1:KdQUCv79m/52Kvf8AW2vK1V8akMuk1QjK/uOdHXbAo4=
github.com/julienschmidt/httprouter v1.3.0 h1:U0609e9tgbseu3rBINet9P48AI/D3oJs4dN7jwJOQ1U=
github.com/julienschmidt/httprouter v1.3.0/go.mod h1:JR6WtHb+2LUe8TCKY3cZOxFyyO8IZAc4RVcycCCAKdM=
github.com/kr/pretty v0.1.0 h1:L/CwN0zerZDmRFUapSPitk6f+Q3+0za1rQkzVuMiMFI=
github.com/kr/pretty v0.1.0/go.mod h1:dAy3ld7l9f0ibDNOQOHHMYYIIbhfbHSm3C4ZsoJORNo=
github.com/kr/pty v1.1.1/go.mod h1:pFQYn66WHrOpPYNljwOMqo10TkYh1fy3cYio2l3bCsQ=
github.com/kr/text v0.1.0 h1:45sCR5RtlFHMR4UwH9sdQ5TC8v0qDQCHnXt+kaKSTVE=
github.com/kr/text v0.1.0/go.mod h1:4Jbv+DJW3UT/LiOwJeYQe1efqtUx/iVham/4vfdArNI=
github.com/lithdew/bytesutil v0.0.0-20200409052507-d98389230a59 h1:CQpoOQecHxhvgOU/ijue/yWuShZYDtNpI9bsD4Dkzrk=
github.com/lithdew/bytesutil v0.0.0-20200409052507-d98389230a59/go.mod h1:89JlULMIJ/+YWzAp5aHXgAD2d02S2mY+a+PMgXDtoNs=
github.com/lithdew/kademlia v0.0.0-20200607181215-ff07ba2ac940/go.mod h1:8kjcvkw5riLRd20sStElDh5j8GAKJtqy2iP/+5X25Po=
github.com/lithdew/kademlia v0.0.0-20200613105650-31ee52d03942 h1:DQXR82hmvzLI7FbEB76yNPkK0+oIvi14yD8hJ/QN4io=
github.com/lithdew/kademlia v0.0.0-20200613105650-31ee52d03942/go.mod h1:8kjcvkw5riLRd20sStElDh5j8GAKJtqy2iP/+5X25Po=
github.com/lithdew/monte v0.0.0-20200611093340-15ff088304c9 h1:XmfrU1ZyBDuiZ2/UUhG6P2WvO4DOZxLlhQyd0F71UTw=
github.com/lithdew/monte v0.0.0-20200611093340-15ff088304c9/go.mod h1:qisbxmkjwkE+XOLjCiJe+z1U4f95XxF5Hfrk21Rb1yc=
github.com/lithdew/monte v0.0.0-20200612062106-02975bf1abd2 h1:m1MUK1qrH7bJyKiY5x4n02kxrwZuNt+6z2UNUniD1FA=
github.com/lithdew/monte v0.0.0-20200612062106-02975bf1abd2/go.mod h1:qisbxmkjwkE+XOLjCiJe+z1U4f95XxF5Hfrk21Rb1yc=
github.com/lithdew/monte v0.0.0-20200612162118-d9ef724a278f h1:ePrvQ/QMnHVDjWfan0twg6lD1WYy03Un8kxH7dAl86k=
github.com/lithdew/monte v0.0.0-20200612162118-d9ef724a278f/go.mod h1:qisbxmkjwkE+XOLjCiJe+z1U4f95XxF5Hfrk21Rb1yc=
github.com/lithdew/monte v0.0.0-20200612163155-688f7a476468 h1:uVJAVZL+BulMCLaRtjVwp4jH2d6IIls+QjkIZdddCvY=
github.com/lithdew/monte v0.0.0-20200612163155-688f7a476468/go.mod h1:qisbxmkjwkE+XOLjCiJe+z1U4f95XxF5Hfrk21Rb1yc=
github.com/lithdew/monte v0.0.0-20200613022731-a95a5517aea6 h1:pGNp1mgfiRnNTqCxnu7zPna8WT4LFVOoUiiUV5nlEq4=
github.com/lithdew/monte v0.0.0-20200613022731-a95a5517aea6/go.mod h1:qisbxmkjwkE+XOLjCiJe+z1U4f95XxF5Hfrk21Rb1yc=
github.com/lithdew/monte v0.0.0-20200613030909-f5e1611bfa09 h1:bYiP8Cnf0SU5QHYLfaiRFeI/eFGLKfEPPxjU+VewUjw=
github.com/lithdew/monte v0.0.0-20200613030909-f5e1611bfa09/go.mod h1:qisbxmkjwkE+XOLjCiJe+z1U4f95XxF5Hfrk21Rb1yc=
github.com/lithdew/monte v0.0.0-20200613034704-f6d482652dc3 h1:HzVVwsj110ohL9hkXlg0akWmbZLWKnjApiEy0oZao20=
github.com/lithdew/monte v0.0.0-20200613034704-f6d482652dc3/go.mod h1:qisbxmkjwkE+XOLjCiJe+z1U4f95XxF5Hfrk21Rb1yc=
github.com/lithdew/monte v0.0.0-20200613174427-105bad77ff52 h1:zYygDC3AydtQfkizBiglK6DEyRoZoTlZ/InYLaFUPFk=
github.com/lithdew/monte v0.0.0-20200613174427-105bad77ff52/go.mod h1:qisbxmkjwkE+XOLjCiJe+z1U4f95XxF5Hfrk21Rb1yc=
github.com/lithdew/reliable v0.0.0-20200506103725-7df64908b057 h1:CBhKVPym/7ZzY7ascOG93XSTlJuqrmIU/Hd0UDHC1TA=
github.com/lithdew/reliable v0.0.0-20200506103725-7df64908b057/go.mod h1:b9iSDHZ4DaCGpwhQdKsH0u61UancBXJMe0r8SCPKEEA=
github.com/lithdew/seq v0.0.0-20200504083424-74d5d8117a05 h1:j1UtG8NYCupA5xUwQ/vrTf/zjuNlZ0D1n7UtM8LhS58=
github.com/lithdew/seq v0.0.0-20200504083424-74d5d8117a05/go.mod h1:4vVgbfmYc+ZIh0dy99HRrM6knnAtQXNI8MOx+1pUYso=
github.com/modern-go/concurrent v0.0.0-20180228061459-e0a39a4cb421 h1:ZqeYNhU3OHLH3mGKHDcjJRFFRrJa6eAM5H+CtDdOsPc=
github.com/modern-go/concurrent v0.0.0-20180228061459-e0a39a4cb421/go.mod h1:6dJC0mAP4ikYIbvyc7fijjWJddQyLn8Ig3JB5CqoB9Q=
github.com/modern-go/reflect2 v0.0.0-20180701023420-4b7aa43c6742 h1:Esafd1046DLDQ0W1YjYsBW+p8U2u7vzgW2SQVmlNazg=
github.com/modern-go/reflect2 v0.0.0-20180701023420-4b7aa43c6742/go.mod h1:bx2lNnkwVCuqBIxFjflWJWanXIb3RllmbCylyMrvgv0=
github.com/oasislabs/ed25519 v0.0.0-20200302143042-29f6767a7c3e h1:85L+lUTJHx4O7UP9y/65XV8iq7oaA2Uqe5WiUSB8XE4=
github.com/oasislabs/ed25519 v0.0.0-20200302143042-29f6767a7c3e/go.mod h1:xIpCyrK2ouGA4QBGbiNbkoONrvJ00u9P3QOkXSOAC0c=
github.com/pmezard/go-difflib v1.0.0 h1:4DBwDE0NGyQoBHbLQYPwSUPoCMWR5BEzIk/f1lZbAQM=
github.com/pmezard/go-difflib v1.0.0/go.mod h1:iKH77koFhYxTK1pcRnkKkqfTogsbg7gZNVY4sRDYZ/4=
github.com/spf13/pflag v1.0.5 h1:iy+VFUOCP1a+8yFto/drg2CJ5u0yRoB7fZw3DKv/JXA=
github.com/spf13/pflag v1.0.5/go.mod h1:McXfInJRrz4CZXVZOBLb0bTZqETkiAhM9Iw0y3An2Bg=
github.com/stretchr/objx v0.1.0/go.mod h1:HFkY916IF+rwdDfMAkV7OtwuqBVzrE8GR6GFx+wExME=
github.com/stretchr/testify v1.3.0/go.mod h1:M5WIy9Dh21IEIfnGCwXGc5bZfKNJtfHm1UVUgZn+9EI=
github.com/stretchr/testify v1.4.0 h1:2E4SXV/wtOkTonXsotYi4li6zVWxYlZuYNCXe9XRJyk=
github.com/stretchr/testify v1.4.0/go.mod h1:j7eGeouHqKxXV5pUuKE4zz7dFj8WfuZ+81PSLYec5m4=
github.com/stretchr/testify v1.5.1/go.mod h1:5W2xD1RspED5o8YsWQXVCued0rvSQ+mT+I5cxcmMvtA=
github.com/stretchr/testify v1.6.0 h1:jlIyCplCJFULU/01vCkhKuTyc3OorI3bJFuw6obfgho=
github.com/stretchr/testify v1.6.0/go.mod h1:6Fq8oRcR53rry900zMqJjRRixrwX3KX962/h/Wwjteg=
github.com/valyala/bytebufferpool v1.0.0 h1:GqA5TC/0021Y/b9FG4Oi9Mr3q7XYx6KllzawFIhcdPw=
github.com/valyala/bytebufferpool v1.0.0/go.mod h1:6bBcMArwyJ5K/AmCkWv1jt77kVWyCJ6HpOuEn7z0Csc=
github.com/yuin/goldmark v1.1.27/go.mod h1:3hX8gzYuyVAZsxl0MRgGTJEmQBFcNTphYh9decYSb74=
go.uber.org/goleak v1.0.0 h1:qsup4IcBdlmsnGfqyLl4Ntn3C2XCCuKAE7DwHpScyUo=
go.uber.org/goleak v1.0.0/go.mod h1:8a7PlsEVH3e/a/GLqe5IIrQx6GzcnRmZEufDUTk4A7A=
golang.org/x/crypto v0.0.0-20190308221718-c2843e01d9a2/go.mod h1:djNgcEr1/C05ACkg1iLfiJU5Ep61QUkGW8qpdssI0+w=
golang.org/x/crypto v0.0.0-20191011191535-87dc89f01550/go.mod h1:yigFU9vqHzYiE8UmvKecakEJjdnWj3jj499lnFckfCI=
golang.org/x/crypto v0.0.0-20191119213627-4f8c1d86b1ba h1:9bFeDpN3gTqNanMVqNcoR/pJQuP5uroC3t1D7eXozTE=
golang.org/x/crypto v0.0.0-20191119213627-4f8c1d86b1ba/go.mod h1:LzIPMQfyMNhhGPhUkYOs5KpL4U8rLKemX1yGLhDgUto=
golang.org/x/lint v0.0.0-20190930215403-16217165b5de h1:5hukYrvBGR8/eNkX5mdUezrA6JiaEZDtJb9Ei+1LlBs=
golang.org/x/lint v0.0.0-20190930215403-16217165b5de/go.mod h1:6SW0HCj/g11FgYtHlgUYUwCkIfeOF89ocIRzGO/8vkc=
golang.org/x/lint v0.0.0-20200302205851-738671d3881b h1:Wh+f8QHJXR411sJR8/vRBTZ7YapZaRvUcLFFJhusH0k=
golang.org/x/lint v0.0.0-20200302205851-738671d3881b/go.mod h1:3xt1FjdF8hUf6vQPIChWIBhFzV8gjjsPE/fR3IyQdNY=
golang.org/x/mod v0.1.1-0.20191105210325-c90efee705ee/go.mod h1:QqPTAvyqsEbceGzBzNggFXnrqF1CaUcvgkdR5Ot7KZg=
golang.org/x/mod v0.2.0 h1:KU7oHjnv3XNWfa5COkzUifxZmxp1TyI7ImMXqFxLwvQ=
golang.org/x/mod v0.2.0/go.mod h1:s0Qsj1ACt9ePp/hMypM3fl4fZqREWJwdYDEqhRiZZUA=
golang.org/x/net v0.0.0-20190311183353-d8887717615a/go.mod h1:t9HGtf8HONx5eT2rtn7q6eTqICYqUVnKs3thJo3Qplg=
golang.org/x/net v0.0.0-20190404232315-eb5bcb51f2a3/go.mod h1:t9HGtf8HONx5eT2rtn7q6eTqICYqUVnKs3thJo3Qplg=
golang.org/x/net v0.0.0-20190620200207-3b0461eec859/go.mod h1:z5CRVTTTmAJ677TzLLGU+0bjPO0LkuOLi4/5GtJWs/s=
golang.org/x/net v0.0.0-20200226121028-0de0cce0169b h1:0mm1VjtFUOIlE1SbDlwjYaDxZVDP2S5ou6y0gSgXHu8=
golang.org/x/net v0.0.0-20200226121028-0de0cce0169b/go.mod h1:z5CRVTTTmAJ677TzLLGU+0bjPO0LkuOLi4/5GtJWs/s=
golang.org/x/sync v0.0.0-20190423024810-112230192c58/go.mod h1:RxMgew5VJxzue5/jJTE5uejpjVlOe/izrB70Jof72aM=
golang.org/x/sync v0.0.0-20190911185100-cd5d95a43a6e/go.mod h1:RxMgew5VJxzue5/jJTE5uejpjVlOe/izrB70Jof72aM=
golang.org/x/sys v0.0.0-20190215142949-d0b11bdaac8a/go.mod h1:STP8DvDyc/dI5b8T5hshtkjS+E42TnysNCUPdjciGhY=
golang.org/x/sys v0.0.0-20190412213103-97732733099d/go.mod h1:h1NjWce9XRLGQEsW7wpKNCjG9DtNlClVuFLEZdDNbEs=
golang.org/x/sys v0.0.0-20200323222414-85ca7c5b95cd/go.mod h1:h1NjWce9XRLGQEsW7wpKNCjG9DtNlClVuFLEZdDNbEs=
golang.org/x/sys v0.0.0-20200602225109-6fdc65e7d980 h1:OjiUf46hAmXblsZdnoSXsEUSKU8r1UEzcL5RVZ4gO9Y=
golang.org/x/sys v0.0.0-20200602225109-6fdc65e7d980/go.mod h1:h1NjWce9XRLGQEsW7wpKNCjG9DtNlClVuFLEZdDNbEs=
golang.org/x/text v0.3.0 h1:g61tztE5qeGQ89tm6NTjjM9VPIm088od1l6aSorWRWg=
golang.org/x/text v0.3.0/go.mod h1:NqM8EUOU14njkJ3fqMW+pc6Ldnwhi/IjpwHt7yyuwOQ=
golang.org/x/tools v0.0.0-20190311212946-11955173bddd/go.mod h1:LCzVGOaR6xXOjkQ3onu1FJEFr0SW1gC7cKk1uF8kGRs=
golang.org/x/tools v0.0.0-20191108193012-7d206e10da11 h1:Yq9t9jnGoR+dBuitxdo9l6Q7xh/zOyNnYUtDKaQ3x0E=
golang.org/x/tools v0.0.0-20191108193012-7d206e10da11/go.mod h1:b+2E5dAYhXwXZwtnZ6UAqBI28+e2cm9otk0dWdXHAEo=
golang.org/x/tools v0.0.0-20191119224855-298f0cb1881e/go.mod h1:b+2E5dAYhXwXZwtnZ6UAqBI28+e2cm9otk0dWdXHAEo=
golang.org/x/tools v0.0.0-20200130002326-2f3ba24bd6e7/go.mod h1:TB2adYChydJhpapKDTa4BR/hXlZSLoq2Wpct/0txZ28=
golang.org/x/tools v0.0.0-20200501005904-d351ea090f9b/go.mod h1:EkVYQZoAsY45+roYkvgYkIh4xh/qjgUK9TdY2XT94GE=
golang.org/x/tools v0.0.0-20200522201501-cb1345f3a375 h1:SjQ2+AKWgZLc1xej6WSzL+Dfs5Uyd5xcZH1mGC411IA=
golang.org/x/tools v0.0.0-20200522201501-cb1345f3a375/go.mod h1:EkVYQZoAsY45+roYkvgYkIh4xh/qjgUK9TdY2XT94GE=
golang.org/x/xerrors v0.0.0-20190717185122-a985d3407aa7/go.mod h1:I/5z698sn9Ka8TeJc9MKroUUfqBBauWjQqLJ2OPfmY0=
golang.org/x/xerrors v0.0.0-20191011141410-1b5146add898/go.mod h1:I/5z698sn9Ka8TeJc9MKroUUfqBBauWjQqLJ2OPfmY0=
golang.org/x/xerrors v0.0.0-20191204190536-9bdfabe68543 h1:E7g+9GITq07hpfrRu66IVDexMakfv52eLZ2CXBWiKr4=
golang.org/x/xerrors v0.0.0-20191204190536-9bdfabe68543/go.mod h1:I/5z698sn9Ka8TeJc9MKroUUfqBBauWjQqLJ2OPfmY0=
gopkg.in/check.v1 v0.0.0-20161208181325-20d25e280405/go.mod h1:Co6ibVJAznAaIkqp8huTwlJQCZ016jof/cbN4VW5Yz0=
gopkg.in/check.v1 v1.0.0-20180628173108-788fd7840127 h1:qIbj1fsPNlZgppZ+VLlY7N33q108Sa+fhmuc+sWQYwY=
gopkg.in/check.v1 v1.0.0-20180628173108-788fd7840127/go.mod h1:Co6ibVJAznAaIkqp8huTwlJQCZ016jof/cbN4VW5Yz0=
gopkg.in/yaml.v2 v2.2.2 h1:ZCJp+EgiOT7lHqUV2J862kp8Qj64Jo6az82+3Td9dZw=
gopkg.in/yaml.v2 v2.2.2/go.mod h1:hI93XBmqTisBFMUTm0b8Fm+jr3Dg1NNxqwp+5A1VGuI=
gopkg.in/yaml.v3 v3.0.0-20200313102051-9f266ea9e77c h1:dUUwHk2QECo/6vqA44rthZ8ie2QXMNeKRTHCNY2nXvo=
gopkg.in/yaml.v3 v3.0.0-20200313102051-9f266ea9e77c/go.mod h1:K4uyk7z7BCEPqu6E+C64Yfv1cQ7kz7rIZviUmN+EgEM=
