# THIS IS AN AUTOGENERATED FILE. DO NOT EDIT THIS FILE DIRECTLY.
# yarn lockfile v1


"@types/node@^14.0.13":
  version "14.0.13"
  resolved "https://registry.yarnpkg.com/@types/node/-/node-14.0.13.tgz#ee1128e881b874c371374c1f72201893616417c9"
  integrity sha512-rouEWBImiRaSJsVA+ITTFM6ZxibuAlTuNOCyxVbwreu6k6+ujs7DfnU9o+PShFhET78pMBl3eH+AGSI5eOTkPA==

arg@^4.1.0:
  version "4.1.3"
  resolved "https://registry.yarnpkg.com/arg/-/arg-4.1.3.tgz#269fc7ad5b8e42cb63c896d5666017261c144089"
  integrity sha512-58S9QDqG0Xx27YwPSt9fJxivjYl432YCwfDMfZ+71RAqUrZef7LrKQZ3LHLOwCS4FLNBplP533Zx895SeOCHvA==

blake2b-wasm@^1.1.0:
  version "1.1.7"
  resolved "https://registry.yarnpkg.com/blake2b-wasm/-/blake2b-wasm-1.1.7.tgz#e4d075da10068e5d4c3ec1fb9accc4d186c55d81"
  integrity sha512-oFIHvXhlz/DUgF0kq5B1CqxIDjIJwh9iDeUUGQUcvgiGz7Wdw03McEO7CfLBy7QKGdsydcMCgO9jFNBAFCtFcA==
  dependencies:
    nanoassert "^1.0.0"

blake2b@^2.1.3:
  version "2.1.3"
  resolved "https://registry.yarnpkg.com/blake2b/-/blake2b-2.1.3.tgz#f5388be424768e7c6327025dad0c3c6d83351bca"
  integrity sha512-pkDss4xFVbMb4270aCyGD3qLv92314Et+FsKzilCLxDz5DuZ2/1g3w4nmBbu6nKApPspnjG7JcwTjGZnduB1yg==
  dependencies:
    blake2b-wasm "^1.1.0"
    nanoassert "^1.0.0"

buffer-from@^1.0.0:
  version "1.1.1"
  resolved "https://registry.yarnpkg.com/buffer-from/-/buffer-from-1.1.1.tgz#32713bc028f75c02fdb710d7c7bcec1f2c6070ef"
  integrity sha512-MQcXEUbCKtEo7bhqEs6560Hyd4XaovZlO/k9V3hjVUF/zwW7KBVdSK4gIt/bzwS9MbR5qob+F5jusZsb0YQK2A==

diff@^4.0.1:
  version "4.0.2"
  resolved "https://registry.yarnpkg.com/diff/-/diff-4.0.2.tgz#60f3aecb89d5fae520c11aa19efc2bb982aade7d"
  integrity sha512-58lmxKSA4BNyLz+HHMUzlOEpg09FV+ev6ZMe3vJihgdxzgcwZ8VoEEPmALCZG9LmqfVoNMMKpttIYTVG6uDY7A==

ip@^1.1.5:
  version "1.1.5"
  resolved "https://registry.yarnpkg.com/ip/-/ip-1.1.5.tgz#bdded70114290828c0a039e72ef25f5aaec4354a"
  integrity sha1-vd7XARQpCCjAoDnnLvJfWq7ENUo=

make-error@^1.1.1:
  version "1.3.6"
  resolved "https://registry.yarnpkg.com/make-error/-/make-error-1.3.6.tgz#2eb2e37ea9b67c4891f684a1394799af484cf7a2"
  integrity sha512-s8UhlNe7vPKomQhC1qFelMokr/Sc3AgNbso3n74mVPA5LTZwkB9NlXf4XPamLxJE8h0gh73rM94xvwRT2CVInw==

nanoassert@^1.0.0:
  version "1.1.0"
  resolved "https://registry.yarnpkg.com/nanoassert/-/nanoassert-1.1.0.tgz#4f3152e09540fde28c76f44b19bbcd1d5a42478d"
  integrity sha1-TzFS4JVA/eKMdvRLGbvNHVpCR40=

source-map-support@^0.5.17:
  version "0.5.19"
  resolved "https://registry.yarnpkg.com/source-map-support/-/source-map-support-0.5.19.tgz#a98b62f86dcaf4f67399648c085291ab9e8fed61"
  integrity sha512-Wonm7zOCIJzBGQdB+thsPar0kYuCIzYvxZwlBa87yi/Mdjv7Tip2cyVbLj5o0cFPN4EVkuTwb3GDDyUx2DGnGw==
  dependencies:
    buffer-from "^1.0.0"
    source-map "^0.6.0"

source-map@^0.6.0:
  version "0.6.1"
  resolved "https://registry.yarnpkg.com/source-map/-/source-map-0.6.1.tgz#74722af32e9614e9c287a8d0bbde48b5e2f1a263"
  integrity sha512-UjgapumWlbMhkBgzT7Ykc5YXUT46F0iKu8SGXq0bcwP5dz/h0Plj6enJqjz1Zbq2l5WaqYnrVbwWOWMyF3F47g==

ts-node@^8.10.2:
  version "8.10.2"
  resolved "https://registry.yarnpkg.com/ts-node/-/ts-node-8.10.2.tgz#eee03764633b1234ddd37f8db9ec10b75ec7fb8d"
  integrity sha512-ISJJGgkIpDdBhWVu3jufsWpK3Rzo7bdiIXJjQc0ynKxVOVcg2oIrf2H2cejminGrptVc6q6/uynAHNCuWGbpVA==
  dependencies:
    arg "^4.1.0"
    diff "^4.0.1"
    make-error "^1.1.1"
    source-map-support "^0.5.17"
    yn "3.1.1"

tweetnacl@^1.0.3:
  version "1.0.3"
  resolved "https://registry.yarnpkg.com/tweetnacl/-/tweetnacl-1.0.3.tgz#ac0af71680458d8a6378d0d0d050ab1407d35596"
  integrity sha512-6rt+RN7aOi1nGMyC4Xa5DdYiukl2UWCbcJft7YhxReBGQD7OAM8Pbxw6YMo4r2diNEA8FEmu32YOn9rhaiE5yw==

typescript@^3.9.5:
  version "3.9.5"
  resolved "https://registry.yarnpkg.com/typescript/-/typescript-3.9.5.tgz#586f0dba300cde8be52dd1ac4f7e1009c1b13f36"
  integrity sha512-hSAifV3k+i6lEoCJ2k6R2Z/rp/H3+8sdmcn5NrS3/3kE7+RyZXm9aqvxWqjEXHAd8b0pShatpcdMTvEdvAJltQ==

yn@3.1.1:
  version "3.1.1"
  resolved "https://registry.yarnpkg.com/yn/-/yn-3.1.1.tgz#1e87401a09d767c1d5eab26a6e4c185182d2eb50"
  integrity sha512-Ux4ygGWsu2c7isFWe8Yu1YluJmqVhxqK2cLXNQA5AcC3QfbGNpM7fu0Y8b/z16pXLnFxZYvWhd3fhBY9DLmC6Q==
